
Microsoft Visual Studio Solution File, Format Version 12.00
# Visual Studio 15
VisualStudioVersion = 15.0.28307.705
MinimumVisualStudioVersion = 10.0.40219.1
Project("{FAE04EC0-301F-11D3-BF4B-00C04F79EFBC}") = "Plantilla", "Plantilla\Plantilla.csproj", "{45EFCA45-1C9A-40BE-ABC9-283DFB63F62D}"
EndProject
Global
	GlobalSection(SolutionConfigurationPlatforms) = preSolution
		Debug|Any CPU = Debug|Any CPU
		Release|Any CPU = Release|Any CPU
	EndGlobalSection
	GlobalSection(ProjectConfigurationPlatforms) = postSolution
		{45EFCA45-1C9A-40BE-ABC9-283DFB63F62D}.Debug|Any CPU.ActiveCfg = Debug|Any CPU
		{45EFCA45-1C9A-40BE-ABC9-283DFB63F62D}.Debug|Any CPU.Build.0 = Debug|Any CPU
		{45EFCA45-1C9A-40BE-ABC9-283DFB63F62D}.Release|Any CPU.ActiveCfg = Release|Any CPU
		{45EFCA45-1C9A-40BE-ABC9-283DFB63F62D}.Release|Any CPU.Build.0 = Release|Any CPU
	EndGlobalSection
	GlobalSection(SolutionProperties) = preSolution
		HideSolutionNode = FALSE
	EndGlobalSection
	GlobalSection(ExtensibilityGlobals) = postSolution
		SolutionGuid = {4218082A-3A62-4C40-92F7-C4D45CBD4A92}
	EndGlobalSection
EndGlobal
